<?xml version="1.0" encoding="utf-8"?>
<Project ToolsVersion="4.0" xmlns="http://schemas.microsoft.com/developer/msbuild/2003">
  <ItemGroup>
    <Filter Include="Header Files">
      <UniqueIdentifier>{d0daf49f-4338-4b8e-b4f7-da346ee191c2}</UniqueIdentifier>
      <Extensions>h;hpp;hxx;hm;inl</Extensions>
    </Filter>
    <Filter Include="Resource Files">
      <UniqueIdentifier>{d67688dd-3a9f-47ea-910a-c2d8343464b0}</UniqueIdentifier>
      <Extensions>ico;cur;bmp;dlg;rc2;rct;bin;rgs;gif;jpg;jpeg;jpe</Extensions>
    </Filter>
    <Filter Include="Source Files">
      <UniqueIdentifier>{568ab08a-a865-4f2f-8282-24d60b2a5ef9}</UniqueIdentifier>
      <Extensions>cpp;c;cxx;rc;def;r;odl;idl;hpj;bat</Extensions>
    </Filter>
  </ItemGroup>
  <ItemGroup>
    <ClCompile Include="FlatFieldDemo.cpp">
      <Filter>Source Files</Filter>
    </ClCompile>
    <ClCompile Include="FlatFieldDemoDlg.cpp">
      <Filter>Source Files</Filter>
    </ClCompile>
    <ClCompile Include="SapMyProcessing.cpp">
      <Filter>Source Files</Filter>
    </ClCompile>
  </ItemGroup>
  <ItemGroup>
    <ResourceCompile Include="FlatFieldDemo.rc">
      <Filter>Source Files</Filter>
    </ResourceCompile>
  </ItemGroup>
  <ItemGroup>
    <ClInclude Include="FlatFieldDemo.h">
      <Filter>Header Files</Filter>
    </ClInclude>
    <ClInclude Include="FlatFieldDemoDlg.h">
      <Filter>Header Files</Filter>
    </ClInclude>
    <ClInclude Include="Resource.h">
      <Filter>Header Files</Filter>
    </ClInclude>
    <ClInclude Include="SapMyProcessing.h">
      <Filter>Header Files</Filter>
    </ClInclude>
    <ClInclude Include="StdAfx.h">
      <Filter>Header Files</Filter>
    </ClInclude>
  </ItemGroup>
  <ItemGroup>
    <None Include="res\DalsaBanner.bmp">
      <Filter>Resource Files</Filter>
    </None>
    <None Include="res\FlatFieldDemo.ico">
      <Filter>Resource Files</Filter>
    </None>
    <None Include="res\FlatFieldDemo.rc2">
      <Filter>Resource Files</Filter>
    </None>
  </ItemGroup>
</Project>