<?xml version="1.0" encoding="utf-8"?>
<Project ToolsVersion="4.0" xmlns="http://schemas.microsoft.com/developer/msbuild/2003">
  <ItemGroup>
    <Filter Include="Source Files">
      <UniqueIdentifier>{560b57eb-0327-4b67-b7b4-068ff1af66ba}</UniqueIdentifier>
      <Extensions>cpp;c;cxx;rc;def;r;odl;idl;hpj;bat</Extensions>
    </Filter>
    <Filter Include="Header Files">
      <UniqueIdentifier>{e3849c61-56dd-4081-9e5f-e2c342997c8c}</UniqueIdentifier>
      <Extensions>h;hpp;hxx;hm;inl</Extensions>
    </Filter>
    <Filter Include="Resource Files">
      <UniqueIdentifier>{95822926-f638-4ac1-aaa7-51bd6edfaabe}</UniqueIdentifier>
      <Extensions>ico;cur;bmp;dlg;rc2;rct;bin;cnt;rtf;gif;jpg;jpeg;jpe</Extensions>
    </Filter>
  </ItemGroup>
  <ItemGroup>
    <ClCompile Include="GigEBayerDemo.cpp">
      <Filter>Source Files</Filter>
    </ClCompile>
    <ClCompile Include="GigEBayerDemoDlg.cpp">
      <Filter>Source Files</Filter>
    </ClCompile>
    <ClCompile Include="SapMyProcessing.cpp">
      <Filter>Source Files</Filter>
    </ClCompile>
  </ItemGroup>
  <ItemGroup>
    <ResourceCompile Include="GigEBayerDemo.rc">
      <Filter>Source Files</Filter>
    </ResourceCompile>
  </ItemGroup>
  <ItemGroup>
    <ClInclude Include="GigEBayerDemo.h">
      <Filter>Header Files</Filter>
    </ClInclude>
    <ClInclude Include="GigEBayerDemoDlg.h">
      <Filter>Header Files</Filter>
    </ClInclude>
    <ClInclude Include="Resource.h">
      <Filter>Header Files</Filter>
    </ClInclude>
    <ClInclude Include="SapMyProcessing.h">
      <Filter>Header Files</Filter>
    </ClInclude>
    <ClInclude Include="StdAfx.h">
      <Filter>Header Files</Filter>
    </ClInclude>
  </ItemGroup>
  <ItemGroup>
    <None Include="Res\BayerDemo.ico">
      <Filter>Resource Files</Filter>
    </None>
    <None Include="Res\DalsaBanner.bmp">
      <Filter>Resource Files</Filter>
    </None>
    <None Include="Res\GigEBayerDemo.ico">
      <Filter>Resource Files</Filter>
    </None>
    <None Include="Res\GigEBayerDemo.rc2">
      <Filter>Resource Files</Filter>
    </None>
  </ItemGroup>
</Project>