<?xml version="1.0" encoding="utf-8"?>
<Project ToolsVersion="4.0" xmlns="http://schemas.microsoft.com/developer/msbuild/2003">
  <ItemGroup>
    <Filter Include="Header Files">
      <UniqueIdentifier>{05c46b19-aaa8-452d-bbd5-cab60d93a4e3}</UniqueIdentifier>
      <Extensions>h;hpp;hxx;hm;inl</Extensions>
    </Filter>
    <Filter Include="Resource Files">
      <UniqueIdentifier>{8b692cb0-b1af-4714-b478-50d2734d6c25}</UniqueIdentifier>
      <Extensions>ico;cur;bmp;dlg;rc2;rct;bin;rgs;gif;jpg;jpeg;jpe</Extensions>
    </Filter>
    <Filter Include="Source Files">
      <UniqueIdentifier>{d0a98b14-eac1-4610-a366-7be943c295b6}</UniqueIdentifier>
      <Extensions>cpp;c;cxx;rc;def;r;odl;idl;hpj;bat</Extensions>
    </Filter>
  </ItemGroup>
  <ItemGroup>
    <ClCompile Include="IODemo.cpp">
      <Filter>Source Files</Filter>
    </ClCompile>
    <ClCompile Include="IOGioDlg.cpp">
      <Filter>Source Files</Filter>
    </ClCompile>
    <ClCompile Include="IOGioGetServer.cpp">
      <Filter>Source Files</Filter>
    </ClCompile>
  </ItemGroup>
  <ItemGroup>
    <ResourceCompile Include="IODemo.rc">
      <Filter>Source Files</Filter>
    </ResourceCompile>
  </ItemGroup>
  <ItemGroup>
    <ClInclude Include="IODemo.h">
      <Filter>Header Files</Filter>
    </ClInclude>
    <ClInclude Include="IOGioDlg.h">
      <Filter>Header Files</Filter>
    </ClInclude>
    <ClInclude Include="IOGioGetServer.h">
      <Filter>Header Files</Filter>
    </ClInclude>
    <ClInclude Include="Resource.h">
      <Filter>Header Files</Filter>
    </ClInclude>
    <ClInclude Include="StdAfx.h">
      <Filter>Header Files</Filter>
    </ClInclude>
  </ItemGroup>
  <ItemGroup>
    <None Include="res\DalsaBanner.bmp">
      <Filter>Resource Files</Filter>
    </None>
    <None Include="res\IODemo.ico">
      <Filter>Resource Files</Filter>
    </None>
    <None Include="res\IODemo.rc2">
      <Filter>Resource Files</Filter>
    </None>
  </ItemGroup>
</Project>