<?xml version="1.0" encoding="utf-8"?>
<Project ToolsVersion="4.0" xmlns="http://schemas.microsoft.com/developer/msbuild/2003">
  <ItemGroup>
    <ClCompile Include="GigEMetaDataDemo.cpp">
      <Filter>Source Files</Filter>
    </ClCompile>
    <ClCompile Include="GigEMetaDataDemoDlg.cpp">
      <Filter>Source Files</Filter>
    </ClCompile>
    <ClCompile Include="HighFrameRateDlg.cpp">
      <Filter>Source Files</Filter>
    </ClCompile>
  </ItemGroup>
  <ItemGroup>
    <ClInclude Include="GigEMetaDataDemo.h">
      <Filter>Header Files</Filter>
    </ClInclude>
    <ClInclude Include="GigEMetaDataDemoAbout.h">
      <Filter>Header Files</Filter>
    </ClInclude>
    <ClInclude Include="GigEMetaDataDemoDlg.h">
      <Filter>Header Files</Filter>
    </ClInclude>
    <ClInclude Include="HighFrameRateDlg.h">
      <Filter>Header Files</Filter>
    </ClInclude>
    <ClInclude Include="Resource.h">
      <Filter>Header Files</Filter>
    </ClInclude>
    <ClInclude Include="StdAfx.h">
      <Filter>Header Files</Filter>
    </ClInclude>
  </ItemGroup>
  <ItemGroup>
    <None Include="res\DalsaBanner.bmp">
      <Filter>Resource Files</Filter>
    </None>
    <None Include="res\GigEMetaDataDemo.ico">
      <Filter>Resource Files</Filter>
    </None>
    <None Include="res\GigEMetaDataDemo.rc2">
      <Filter>Resource Files</Filter>
    </None>
  </ItemGroup>
  <ItemGroup>
    <Filter Include="Header Files">
      <UniqueIdentifier>{07b52c2d-11bb-4bb5-b053-ec94ca7359b6}</UniqueIdentifier>
    </Filter>
    <Filter Include="Source Files">
      <UniqueIdentifier>{326fba44-cc6c-48c7-8ad3-f59b831e3bd9}</UniqueIdentifier>
    </Filter>
    <Filter Include="Resource Files">
      <UniqueIdentifier>{43747608-9492-4354-b26c-7ebf8e3e47ea}</UniqueIdentifier>
    </Filter>
  </ItemGroup>
  <ItemGroup>
    <ResourceCompile Include="GigEMetaDataDemo.rc">
      <Filter>Resource Files</Filter>
    </ResourceCompile>
  </ItemGroup>
</Project>