
Microsoft Visual Studio Solution File, Format Version 12.00
# Visual Studio 2012
Project("{FAE04EC0-301F-11D3-BF4B-00C04F79EFBC}") = "GrabDemo_2012", "GrabDemo\CSharp\GrabDemo_2012.csproj", "{E691F747-85EE-4B2C-8122-9412CC0BDCB4}"
EndProject
Project("{FAE04EC0-301F-11D3-BF4B-00C04F79EFBC}") = "GigECameraDemo_2012", "GigECameraDemo\CSharp\GigECameraDemo_2012.csproj", "{9F4983BD-0FBD-4492-90BC-6E9F4D1E7FAB}"
EndProject
Project("{FAE04EC0-301F-11D3-BF4B-00C04F79EFBC}") = "GigESeqGrabDemo_2012", "GigESeqGrabDemo\CSharp\GigESeqGrabDemo_2012.csproj", "{75996DD6-8EB7-4886-8CD6-43F510493C40}"
EndProject
Project("{FAE04EC0-301F-11D3-BF4B-00C04F79EFBC}") = "SeqGrabDemo_2012", "SeqGrabDemo\CSharp\SeqGrabDemo_2012.csproj", "{337CA9CF-C9E2-4D59-BC13-33C37EAB6A81}"
EndProject
Project("{FAE04EC0-301F-11D3-BF4B-00C04F79EFBC}") = "BayerDemo_2012", "BayerDemo\CSharp\BayerDemo_2012.csproj", "{1063EB97-CD29-4BDC-9309-2A5C15E89B1A}"
EndProject
Project("{FAE04EC0-301F-11D3-BF4B-00C04F79EFBC}") = "ColorConvDemo_2012", "ColorConversionDemo\CSharp\ColorConvDemo_2012.csproj", "{1063EB97-CD29-4BDC-9309-2A5C15E89B1B}"
EndProject
Project("{FAE04EC0-301F-11D3-BF4B-00C04F79EFBC}") = "FlatFieldDemo_2012", "FlatFieldDemo\CSharp\FlatFieldDemo_2012.csproj", "{A509323F-6263-495B-BE34-C130B9233DC5}"
EndProject
Project("{FAE04EC0-301F-11D3-BF4B-00C04F79EFBC}") = "GigEFlatFieldDemo_2012", "GigEFlatFieldDemo\CSharp\GigEFlatFieldDemo_2012.csproj", "{8024F744-BE65-47AF-AB6B-BC54E8101CCA}"
EndProject
Project("{FAE04EC0-301F-11D3-BF4B-00C04F79EFBC}") = "MultiBoardSyncGrabDemo_2012", "MultiBoardSyncGrabDemo\CSharp\MultiBoardSyncGrabDemo_2012.csproj", "{A7569E0F-989D-44CC-B015-45963FC6D1C3}"
EndProject
Project("{FAE04EC0-301F-11D3-BF4B-00C04F79EFBC}") = "GigEMetadataDemo_2012", "GigEMetadataDemo\CSharp\GigEMetadataDemo_2012.csproj", "{4F41F25C-D1F5-458D-AE8E-6BA733015C52}"
EndProject
Project("{FAE04EC0-301F-11D3-BF4B-00C04F79EFBC}") = "GigECameraCompressionDemo_2012", "GigECameraCompressionDemo\CSharp\GigECameraCompressionDemo_2012.csproj", "{10E5D677-D825-4383-AC5A-313D4292F60B}"
EndProject
Global
	GlobalSection(SolutionConfigurationPlatforms) = preSolution
		Debug|Any CPU = Debug|Any CPU
		Release|Any CPU = Release|Any CPU
	EndGlobalSection
	GlobalSection(ProjectConfigurationPlatforms) = postSolution
		{E691F747-85EE-4B2C-8122-9412CC0BDCB4}.Debug|Any CPU.ActiveCfg = Debug|Any CPU
		{E691F747-85EE-4B2C-8122-9412CC0BDCB4}.Debug|Any CPU.Build.0 = Debug|Any CPU
		{E691F747-85EE-4B2C-8122-9412CC0BDCB4}.Release|Any CPU.ActiveCfg = Release|Any CPU
		{E691F747-85EE-4B2C-8122-9412CC0BDCB4}.Release|Any CPU.Build.0 = Release|Any CPU
		{9F4983BD-0FBD-4492-90BC-6E9F4D1E7FAB}.Debug|Any CPU.ActiveCfg = Debug|Any CPU
		{9F4983BD-0FBD-4492-90BC-6E9F4D1E7FAB}.Debug|Any CPU.Build.0 = Debug|Any CPU
		{9F4983BD-0FBD-4492-90BC-6E9F4D1E7FAB}.Release|Any CPU.ActiveCfg = Release|Any CPU
		{9F4983BD-0FBD-4492-90BC-6E9F4D1E7FAB}.Release|Any CPU.Build.0 = Release|Any CPU
		{75996DD6-8EB7-4886-8CD6-43F510493C40}.Debug|Any CPU.ActiveCfg = Debug|Any CPU
		{75996DD6-8EB7-4886-8CD6-43F510493C40}.Debug|Any CPU.Build.0 = Debug|Any CPU
		{75996DD6-8EB7-4886-8CD6-43F510493C40}.Release|Any CPU.ActiveCfg = Release|Any CPU
		{75996DD6-8EB7-4886-8CD6-43F510493C40}.Release|Any CPU.Build.0 = Release|Any CPU
		{337CA9CF-C9E2-4D59-BC13-33C37EAB6A81}.Debug|Any CPU.ActiveCfg = Debug|Any CPU
		{337CA9CF-C9E2-4D59-BC13-33C37EAB6A81}.Debug|Any CPU.Build.0 = Debug|Any CPU
		{337CA9CF-C9E2-4D59-BC13-33C37EAB6A81}.Release|Any CPU.ActiveCfg = Release|Any CPU
		{337CA9CF-C9E2-4D59-BC13-33C37EAB6A81}.Release|Any CPU.Build.0 = Release|Any CPU
		{1063EB97-CD29-4BDC-9309-2A5C15E89B1A}.Debug|Any CPU.ActiveCfg = Debug|Any CPU
		{1063EB97-CD29-4BDC-9309-2A5C15E89B1A}.Debug|Any CPU.Build.0 = Debug|Any CPU
		{1063EB97-CD29-4BDC-9309-2A5C15E89B1A}.Release|Any CPU.ActiveCfg = Release|Any CPU
		{1063EB97-CD29-4BDC-9309-2A5C15E89B1A}.Release|Any CPU.Build.0 = Release|Any CPU
		{1063EB97-CD29-4BDC-9309-2A5C15E89B1B}.Debug|Any CPU.ActiveCfg = Debug|Any CPU
		{1063EB97-CD29-4BDC-9309-2A5C15E89B1B}.Debug|Any CPU.Build.0 = Debug|Any CPU
		{1063EB97-CD29-4BDC-9309-2A5C15E89B1B}.Release|Any CPU.ActiveCfg = Release|Any CPU
		{1063EB97-CD29-4BDC-9309-2A5C15E89B1B}.Release|Any CPU.Build.0 = Release|Any CPU
		{A509323F-6263-495B-BE34-C130B9233DC5}.Debug|Any CPU.ActiveCfg = Debug|Any CPU
		{A509323F-6263-495B-BE34-C130B9233DC5}.Debug|Any CPU.Build.0 = Debug|Any CPU
		{A509323F-6263-495B-BE34-C130B9233DC5}.Release|Any CPU.ActiveCfg = Release|Any CPU
		{A509323F-6263-495B-BE34-C130B9233DC5}.Release|Any CPU.Build.0 = Release|Any CPU
		{8024F744-BE65-47AF-AB6B-BC54E8101CCA}.Debug|Any CPU.ActiveCfg = Debug|Any CPU
		{8024F744-BE65-47AF-AB6B-BC54E8101CCA}.Debug|Any CPU.Build.0 = Debug|Any CPU
		{8024F744-BE65-47AF-AB6B-BC54E8101CCA}.Release|Any CPU.ActiveCfg = Release|Any CPU
		{8024F744-BE65-47AF-AB6B-BC54E8101CCA}.Release|Any CPU.Build.0 = Release|Any CPU
		{A7569E0F-989D-44CC-B015-45963FC6D1C3}.Debug|Any CPU.ActiveCfg = Debug|Any CPU
		{A7569E0F-989D-44CC-B015-45963FC6D1C3}.Debug|Any CPU.Build.0 = Debug|Any CPU
		{A7569E0F-989D-44CC-B015-45963FC6D1C3}.Release|Any CPU.ActiveCfg = Release|Any CPU
		{A7569E0F-989D-44CC-B015-45963FC6D1C3}.Release|Any CPU.Build.0 = Release|Any CPU
		{4F41F25C-D1F5-458D-AE8E-6BA733015C52}.Debug|Any CPU.ActiveCfg = Debug|Any CPU
		{4F41F25C-D1F5-458D-AE8E-6BA733015C52}.Debug|Any CPU.Build.0 = Debug|Any CPU
		{4F41F25C-D1F5-458D-AE8E-6BA733015C52}.Release|Any CPU.ActiveCfg = Release|Any CPU
		{4F41F25C-D1F5-458D-AE8E-6BA733015C52}.Release|Any CPU.Build.0 = Release|Any CPU
		{10E5D677-D825-4383-AC5A-313D4292F60B}.Debug|Any CPU.ActiveCfg = Debug|Any CPU
		{10E5D677-D825-4383-AC5A-313D4292F60B}.Debug|Any CPU.Build.0 = Debug|Any CPU
		{10E5D677-D825-4383-AC5A-313D4292F60B}.Release|Any CPU.ActiveCfg = Release|Any CPU
		{10E5D677-D825-4383-AC5A-313D4292F60B}.Release|Any CPU.Build.0 = Release|Any CPU
	EndGlobalSection
	GlobalSection(SolutionProperties) = preSolution
		HideSolutionNode = FALSE
	EndGlobalSection
EndGlobal
