
Microsoft Visual Studio Solution File, Format Version 12.00
# Visual Studio 2013
VisualStudioVersion = 12.0.30110.0
MinimumVisualStudioVersion = 10.0.40219.1
Project("{FAE04EC0-301F-11D3-BF4B-00C04F79EFBC}") = "GrabDemo_2013", "GrabDemo\CSharp\GrabDemo_2013.csproj", "{E691F747-85EE-4B2C-8122-9412CC0BDCB4}"
EndProject
Project("{FAE04EC0-301F-11D3-BF4B-00C04F79EFBC}") = "GigECameraDemo_2013", "GigECameraDemo\CSharp\GigECameraDemo_2013.csproj", "{9F4983BD-0FBD-4492-90BC-6E9F4D1E7FAB}"
EndProject
Project("{FAE04EC0-301F-11D3-BF4B-00C04F79EFBC}") = "GigESeqGrabDemo_2013", "GigESeqGrabDemo\CSharp\GigESeqGrabDemo_2013.csproj", "{75996DD6-8EB7-4886-8CD6-43F510493C40}"
EndProject
Project("{FAE04EC0-301F-11D3-BF4B-00C04F79EFBC}") = "SeqGrabDemo_2013", "SeqGrabDemo\CSharp\SeqGrabDemo_2013.csproj", "{337CA9CF-C9E2-4D59-BC13-33C37EAB6A81}"
EndProject
Project("{FAE04EC0-301F-11D3-BF4B-00C04F79EFBC}") = "BayerDemo_2013", "BayerDemo\CSharp\BayerDemo_2013.csproj", "{1063EB97-CD29-4BDC-9309-2A5C15E89B1A}"
EndProject
Project("{FAE04EC0-301F-11D3-BF4B-00C04F79EFBC}") = "ColorConvDemo_2013", "ColorConversionDemo\CSharp\ColorConvDemo_2013.csproj", "{1063EB97-CD29-4BDC-9309-2A5C15E89B1B}"
EndProject
Project("{FAE04EC0-301F-11D3-BF4B-00C04F79EFBC}") = "FlatFieldDemo_2013", "FlatFieldDemo\CSharp\FlatFieldDemo_2013.csproj", "{A509323F-6263-495B-BE34-C130B9233DC5}"
EndProject
Project("{FAE04EC0-301F-11D3-BF4B-00C04F79EFBC}") = "GigEFlatFieldDemo_2013", "GigEFlatFieldDemo\CSharp\GigEFlatFieldDemo_2013.csproj", "{8024F744-BE65-47AF-AB6B-BC54E8101CCA}"
EndProject
Project("{FAE04EC0-301F-11D3-BF4B-00C04F79EFBC}") = "MultiBoardSyncGrabDemo_2013", "MultiBoardSyncGrabDemo\CSharp\MultiBoardSyncGrabDemo_2013.csproj", "{A7569E0F-989D-44CC-B015-45963FC6D1C3}"
EndProject
Project("{FAE04EC0-301F-11D3-BF4B-00C04F79EFBC}") = "GigEMetadataDemo_2013", "GigEMetadataDemo\CSharp\GigEMetadataDemo_2013.csproj", "{6EE2E00F-68BE-4F98-926F-CDBA393D7A0F}"
EndProject
Project("{FAE04EC0-301F-11D3-BF4B-00C04F79EFBC}") = "GigECameraCompressionDemo_2013", "GigECameraCompressionDemo\CSharp\GigECameraCompressionDemo_2013.csproj", "{3868F6B9-9262-4C6E-AE58-64D973C7F862}"
EndProject
Global
	GlobalSection(SolutionConfigurationPlatforms) = preSolution
		Debug|Any CPU = Debug|Any CPU
		Release|Any CPU = Release|Any CPU
	EndGlobalSection
	GlobalSection(ProjectConfigurationPlatforms) = postSolution
		{E691F747-85EE-4B2C-8122-9412CC0BDCB4}.Debug|Any CPU.ActiveCfg = Debug|Any CPU
		{E691F747-85EE-4B2C-8122-9412CC0BDCB4}.Debug|Any CPU.Build.0 = Debug|Any CPU
		{E691F747-85EE-4B2C-8122-9412CC0BDCB4}.Release|Any CPU.ActiveCfg = Release|Any CPU
		{E691F747-85EE-4B2C-8122-9412CC0BDCB4}.Release|Any CPU.Build.0 = Release|Any CPU
		{9F4983BD-0FBD-4492-90BC-6E9F4D1E7FAB}.Debug|Any CPU.ActiveCfg = Debug|Any CPU
		{9F4983BD-0FBD-4492-90BC-6E9F4D1E7FAB}.Debug|Any CPU.Build.0 = Debug|Any CPU
		{9F4983BD-0FBD-4492-90BC-6E9F4D1E7FAB}.Release|Any CPU.ActiveCfg = Release|Any CPU
		{9F4983BD-0FBD-4492-90BC-6E9F4D1E7FAB}.Release|Any CPU.Build.0 = Release|Any CPU
		{75996DD6-8EB7-4886-8CD6-43F510493C40}.Debug|Any CPU.ActiveCfg = Debug|Any CPU
		{75996DD6-8EB7-4886-8CD6-43F510493C40}.Debug|Any CPU.Build.0 = Debug|Any CPU
		{75996DD6-8EB7-4886-8CD6-43F510493C40}.Release|Any CPU.ActiveCfg = Release|Any CPU
		{75996DD6-8EB7-4886-8CD6-43F510493C40}.Release|Any CPU.Build.0 = Release|Any CPU
		{337CA9CF-C9E2-4D59-BC13-33C37EAB6A81}.Debug|Any CPU.ActiveCfg = Debug|Any CPU
		{337CA9CF-C9E2-4D59-BC13-33C37EAB6A81}.Debug|Any CPU.Build.0 = Debug|Any CPU
		{337CA9CF-C9E2-4D59-BC13-33C37EAB6A81}.Release|Any CPU.ActiveCfg = Release|Any CPU
		{337CA9CF-C9E2-4D59-BC13-33C37EAB6A81}.Release|Any CPU.Build.0 = Release|Any CPU
		{1063EB97-CD29-4BDC-9309-2A5C15E89B1A}.Debug|Any CPU.ActiveCfg = Debug|Any CPU
		{1063EB97-CD29-4BDC-9309-2A5C15E89B1A}.Debug|Any CPU.Build.0 = Debug|Any CPU
		{1063EB97-CD29-4BDC-9309-2A5C15E89B1A}.Release|Any CPU.ActiveCfg = Release|Any CPU
		{1063EB97-CD29-4BDC-9309-2A5C15E89B1A}.Release|Any CPU.Build.0 = Release|Any CPU
		{1063EB97-CD29-4BDC-9309-2A5C15E89B1B}.Debug|Any CPU.ActiveCfg = Debug|Any CPU
		{1063EB97-CD29-4BDC-9309-2A5C15E89B1B}.Debug|Any CPU.Build.0 = Debug|Any CPU
		{1063EB97-CD29-4BDC-9309-2A5C15E89B1B}.Release|Any CPU.ActiveCfg = Release|Any CPU
		{1063EB97-CD29-4BDC-9309-2A5C15E89B1B}.Release|Any CPU.Build.0 = Release|Any CPU
		{A509323F-6263-495B-BE34-C130B9233DC5}.Debug|Any CPU.ActiveCfg = Debug|Any CPU
		{A509323F-6263-495B-BE34-C130B9233DC5}.Debug|Any CPU.Build.0 = Debug|Any CPU
		{A509323F-6263-495B-BE34-C130B9233DC5}.Release|Any CPU.ActiveCfg = Release|Any CPU
		{A509323F-6263-495B-BE34-C130B9233DC5}.Release|Any CPU.Build.0 = Release|Any CPU
		{8024F744-BE65-47AF-AB6B-BC54E8101CCA}.Debug|Any CPU.ActiveCfg = Debug|Any CPU
		{8024F744-BE65-47AF-AB6B-BC54E8101CCA}.Debug|Any CPU.Build.0 = Debug|Any CPU
		{8024F744-BE65-47AF-AB6B-BC54E8101CCA}.Release|Any CPU.ActiveCfg = Release|Any CPU
		{8024F744-BE65-47AF-AB6B-BC54E8101CCA}.Release|Any CPU.Build.0 = Release|Any CPU
		{A7569E0F-989D-44CC-B015-45963FC6D1C3}.Debug|Any CPU.ActiveCfg = Debug|Any CPU
		{A7569E0F-989D-44CC-B015-45963FC6D1C3}.Debug|Any CPU.Build.0 = Debug|Any CPU
		{A7569E0F-989D-44CC-B015-45963FC6D1C3}.Release|Any CPU.ActiveCfg = Release|Any CPU
		{A7569E0F-989D-44CC-B015-45963FC6D1C3}.Release|Any CPU.Build.0 = Release|Any CPU
		{6EE2E00F-68BE-4F98-926F-CDBA393D7A0F}.Debug|Any CPU.ActiveCfg = Debug|Any CPU
		{6EE2E00F-68BE-4F98-926F-CDBA393D7A0F}.Debug|Any CPU.Build.0 = Debug|Any CPU
		{6EE2E00F-68BE-4F98-926F-CDBA393D7A0F}.Release|Any CPU.ActiveCfg = Release|Any CPU
		{6EE2E00F-68BE-4F98-926F-CDBA393D7A0F}.Release|Any CPU.Build.0 = Release|Any CPU
		{3868F6B9-9262-4C6E-AE58-64D973C7F862}.Debug|Any CPU.ActiveCfg = Debug|Any CPU
		{3868F6B9-9262-4C6E-AE58-64D973C7F862}.Debug|Any CPU.Build.0 = Debug|Any CPU
		{3868F6B9-9262-4C6E-AE58-64D973C7F862}.Release|Any CPU.ActiveCfg = Release|Any CPU
		{3868F6B9-9262-4C6E-AE58-64D973C7F862}.Release|Any CPU.Build.0 = Release|Any CPU
	EndGlobalSection
	GlobalSection(SolutionProperties) = preSolution
		HideSolutionNode = FALSE
	EndGlobalSection
EndGlobal
